
Microsoft Visual Studio Solution File, Format Version 12.00
# Visual Studio 15
VisualStudioVersion = 15.0.27130.2024
MinimumVisualStudioVersion = 10.0.40219.1
Project("{FAE04EC0-301F-11D3-BF4B-00C04F79EFBC}") = "ModelParametersLibrary", "ModelParametersLibrary\ModelParametersLibrary.csproj", "{0B582B47-A06A-403F-9ABD-62D94CB6BB0A}"
EndProject
Project("{FAE04EC0-301F-11D3-BF4B-00C04F79EFBC}") = "GenericRepositoryLibrary", "..\GenericRepositoryLibrary\GenericRepositoryLibrary.csproj", "{8D228133-BD22-4E6B-AB2C-F2313D99A2C6}"
EndProject
Project("{FAE04EC0-301F-11D3-BF4B-00C04F79EFBC}") = "StankoserviceEnums", "..\..\Диплом\StankoserviceEnums\StankoserviceEnums.csproj", "{BC9EC0E3-B776-4F25-8D4F-4A07F367B0A6}"
EndProject
Project("{FAE04EC0-301F-11D3-BF4B-00C04F79EFBC}") = "WcfServiceApp", "..\WcfServiceApp\WcfServiceApp.csproj", "{DBDC002F-5740-4D8F-AA0B-3A7EBA7E9695}"
EndProject
Global
	GlobalSection(SolutionConfigurationPlatforms) = preSolution
		Debug|Any CPU = Debug|Any CPU
		Release|Any CPU = Release|Any CPU
	EndGlobalSection
	GlobalSection(ProjectConfigurationPlatforms) = postSolution
		{0B582B47-A06A-403F-9ABD-62D94CB6BB0A}.Debug|Any CPU.ActiveCfg = Debug|Any CPU
		{0B582B47-A06A-403F-9ABD-62D94CB6BB0A}.Debug|Any CPU.Build.0 = Debug|Any CPU
		{0B582B47-A06A-403F-9ABD-62D94CB6BB0A}.Release|Any CPU.ActiveCfg = Release|Any CPU
		{0B582B47-A06A-403F-9ABD-62D94CB6BB0A}.Release|Any CPU.Build.0 = Release|Any CPU
		{8D228133-BD22-4E6B-AB2C-F2313D99A2C6}.Debug|Any CPU.ActiveCfg = Debug|Any CPU
		{8D228133-BD22-4E6B-AB2C-F2313D99A2C6}.Debug|Any CPU.Build.0 = Debug|Any CPU
		{8D228133-BD22-4E6B-AB2C-F2313D99A2C6}.Release|Any CPU.ActiveCfg = Release|Any CPU
		{8D228133-BD22-4E6B-AB2C-F2313D99A2C6}.Release|Any CPU.Build.0 = Release|Any CPU
		{BC9EC0E3-B776-4F25-8D4F-4A07F367B0A6}.Debug|Any CPU.ActiveCfg = Debug|Any CPU
		{BC9EC0E3-B776-4F25-8D4F-4A07F367B0A6}.Debug|Any CPU.Build.0 = Debug|Any CPU
		{BC9EC0E3-B776-4F25-8D4F-4A07F367B0A6}.Release|Any CPU.ActiveCfg = Release|Any CPU
		{BC9EC0E3-B776-4F25-8D4F-4A07F367B0A6}.Release|Any CPU.Build.0 = Release|Any CPU
		{DBDC002F-5740-4D8F-AA0B-3A7EBA7E9695}.Debug|Any CPU.ActiveCfg = Debug|Any CPU
		{DBDC002F-5740-4D8F-AA0B-3A7EBA7E9695}.Debug|Any CPU.Build.0 = Debug|Any CPU
		{DBDC002F-5740-4D8F-AA0B-3A7EBA7E9695}.Release|Any CPU.ActiveCfg = Release|Any CPU
		{DBDC002F-5740-4D8F-AA0B-3A7EBA7E9695}.Release|Any CPU.Build.0 = Release|Any CPU
	EndGlobalSection
	GlobalSection(SolutionProperties) = preSolution
		HideSolutionNode = FALSE
	EndGlobalSection
	GlobalSection(ExtensibilityGlobals) = postSolution
		SolutionGuid = {41FDD89E-BF76-45F8-8E58-8E225BE49E2A}
	EndGlobalSection
EndGlobal
